
Microsoft Visual Studio Solution File, Format Version 12.00
# Visual Studio Version 16
VisualStudioVersion = 16.0.30804.86
MinimumVisualStudioVersion = 10.0.40219.1
Project("{8BC9CEB8-8B4A-11D0-8D11-00A0C91BC942}") = "smooth_mandelbrot", "smooth_mandelbrot\smooth_mandelbrot.vcxproj", "{31FAEAED-420C-4ABF-9B11-7B359B32290F}"
EndProject
Global
	GlobalSection(SolutionConfigurationPlatforms) = preSolution
		Debug|x64 = Debug|x64
		Debug|x86 = Debug|x86
		Release|x64 = Release|x64
		Release|x86 = Release|x86
	EndGlobalSection
	GlobalSection(ProjectConfigurationPlatforms) = postSolution
		{31FAEAED-420C-4ABF-9B11-7B359B32290F}.Debug|x64.ActiveCfg = Debug|x64
		{31FAEAED-420C-4ABF-9B11-7B359B32290F}.Debug|x64.Build.0 = Debug|x64
		{31FAEAED-420C-4ABF-9B11-7B359B32290F}.Debug|x86.ActiveCfg = Debug|Win32
		{31FAEAED-420C-4ABF-9B11-7B359B32290F}.Debug|x86.Build.0 = Debug|Win32
		{31FAEAED-420C-4ABF-9B11-7B359B32290F}.Release|x64.ActiveCfg = Release|x64
		{31FAEAED-420C-4ABF-9B11-7B359B32290F}.Release|x64.Build.0 = Release|x64
		{31FAEAED-420C-4ABF-9B11-7B359B32290F}.Release|x86.ActiveCfg = Release|Win32
		{31FAEAED-420C-4ABF-9B11-7B359B32290F}.Release|x86.Build.0 = Release|Win32
	EndGlobalSection
	GlobalSection(SolutionProperties) = preSolution
		HideSolutionNode = FALSE
	EndGlobalSection
	GlobalSection(ExtensibilityGlobals) = postSolution
		SolutionGuid = {E98D9008-5558-4835-AF08-0E87966DBC5F}
	EndGlobalSection
EndGlobal
